// !$*UTF8*$!
{
	archiveVersion = 1;
	classes = {
	};
	objectVersion = 46;
	objects = {

/* Begin PBXBuildFile section */
		4EA4EBA01DF7AD9D007D716D /* main.m in Sources */ = {isa = PBXBuildFile; fileRef = 4EA4EB9F1DF7AD9D007D716D /* main.m */; };
		4EA4EBA31DF7AD9D007D716D /* AppDelegate.m in Sources */ = {isa = PBXBuildFile; fileRef = 4EA4EBA21DF7AD9D007D716D /* AppDelegate.m */; };
		4EA4EBA91DF7AD9D007D716D /* Main.storyboard in Resources */ = {isa = PBXBuildFile; fileRef = 4EA4EBA71DF7AD9D007D716D /* Main.storyboard */; };
		4EA4EBAB1DF7AD9E007D716D /* Assets.xcassets in Resources */ = {isa = PBXBuildFile; fileRef = 4EA4EBAA1DF7AD9E007D716D /* Assets.xcassets */; };
		4EA4EBAE1DF7AD9E007D716D /* LaunchScreen.storyboard in Resources */ = {isa = PBXBuildFile; fileRef = 4EA4EBAC1DF7AD9E007D716D /* LaunchScreen.storyboard */; };
		4EA4EBB81DF7B12C007D716D /* XYJFirstViewController.m in Sources */ = {isa = PBXBuildFile; fileRef = 4EA4EBB61DF7B12C007D716D /* XYJFirstViewController.m */; };
		4EA4EBB91DF7B12C007D716D /* XYJFirstViewController.xib in Resources */ = {isa = PBXBuildFile; fileRef = 4EA4EBB71DF7B12C007D716D /* XYJFirstViewController.xib */; };
		4EA4EBBD1DF7B15A007D716D /* XYJSecondViewController.m in Sources */ = {isa = PBXBuildFile; fileRef = 4EA4EBBB1DF7B15A007D716D /* XYJSecondViewController.m */; };
		4EA4EBBE1DF7B15A007D716D /* XYJSecondViewController.xib in Resources */ = {isa = PBXBuildFile; fileRef = 4EA4EBBC1DF7B15A007D716D /* XYJSecondViewController.xib */; };
		4EA4EBC51DF7B196007D716D /* XYJThirdViewController.m in Sources */ = {isa = PBXBuildFile; fileRef = 4EA4EBC31DF7B196007D716D /* XYJThirdViewController.m */; };
		4EA4EBC61DF7B196007D716D /* XYJThirdViewController.xib in Resources */ = {isa = PBXBuildFile; fileRef = 4EA4EBC41DF7B196007D716D /* XYJThirdViewController.xib */; };
		4EA4EBCA1DF7B27F007D716D /* XYJFourthViewController.m in Sources */ = {isa = PBXBuildFile; fileRef = 4EA4EBC81DF7B27F007D716D /* XYJFourthViewController.m */; };
		4EA4EBCB1DF7B27F007D716D /* XYJFourthViewController.xib in Resources */ = {isa = PBXBuildFile; fileRef = 4EA4EBC91DF7B27F007D716D /* XYJFourthViewController.xib */; };
		4EA4EBD01DF7C45A007D716D /* InfoPlist.strings in Resources */ = {isa = PBXBuildFile; fileRef = 4EA4EBD21DF7C45A007D716D /* InfoPlist.strings */; };
		4EA4EBD61DF7DF6C007D716D /* Localizable.strings in Resources */ = {isa = PBXBuildFile; fileRef = 4EA4EBD81DF7DF6C007D716D /* Localizable.strings */; };
		4EA4EBE11DF7E920007D716D /* XYJLanguageTool.m in Sources */ = {isa = PBXBuildFile; fileRef = 4EA4EBE01DF7E920007D716D /* XYJLanguageTool.m */; };
/* End PBXBuildFile section */

/* Begin PBXFileReference section */
		4EA4EB9B1DF7AD9D007D716D /* SuperBaseXib.app */ = {isa = PBXFileReference; explicitFileType = wrapper.application; includeInIndex = 0; path = SuperBaseXib.app; sourceTree = BUILT_PRODUCTS_DIR; };
		4EA4EB9F1DF7AD9D007D716D /* main.m */ = {isa = PBXFileReference; lastKnownFileType = sourcecode.c.objc; path = main.m; sourceTree = "<group>"; };
		4EA4EBA11DF7AD9D007D716D /* AppDelegate.h */ = {isa = PBXFileReference; lastKnownFileType = sourcecode.c.h; path = AppDelegate.h; sourceTree = "<group>"; };
		4EA4EBA21DF7AD9D007D716D /* AppDelegate.m */ = {isa = PBXFileReference; lastKnownFileType = sourcecode.c.objc; path = AppDelegate.m; sourceTree = "<group>"; };
		4EA4EBA81DF7AD9D007D716D /* Base */ = {isa = PBXFileReference; lastKnownFileType = file.storyboard; name = Base; path = Base.lproj/Main.storyboard; sourceTree = "<group>"; };
		4EA4EBAA1DF7AD9E007D716D /* Assets.xcassets */ = {isa = PBXFileReference; lastKnownFileType = folder.assetcatalog; path = Assets.xcassets; sourceTree = "<group>"; };
		4EA4EBAD1DF7AD9E007D716D /* Base */ = {isa = PBXFileReference; lastKnownFileType = file.storyboard; name = Base; path = Base.lproj/LaunchScreen.storyboard; sourceTree = "<group>"; };
		4EA4EBAF1DF7AD9E007D716D /* Info.plist */ = {isa = PBXFileReference; lastKnownFileType = text.plist.xml; path = Info.plist; sourceTree = "<group>"; };
		4EA4EBB51DF7B12C007D716D /* XYJFirstViewController.h */ = {isa = PBXFileReference; fileEncoding = 4; lastKnownFileType = sourcecode.c.h; path = XYJFirstViewController.h; sourceTree = "<group>"; };
		4EA4EBB61DF7B12C007D716D /* XYJFirstViewController.m */ = {isa = PBXFileReference; fileEncoding = 4; lastKnownFileType = sourcecode.c.objc; path = XYJFirstViewController.m; sourceTree = "<group>"; };
		4EA4EBB71DF7B12C007D716D /* XYJFirstViewController.xib */ = {isa = PBXFileReference; fileEncoding = 4; lastKnownFileType = file.xib; path = XYJFirstViewController.xib; sourceTree = "<group>"; };
		4EA4EBBA1DF7B15A007D716D /* XYJSecondViewController.h */ = {isa = PBXFileReference; fileEncoding = 4; lastKnownFileType = sourcecode.c.h; path = XYJSecondViewController.h; sourceTree = "<group>"; };
		4EA4EBBB1DF7B15A007D716D /* XYJSecondViewController.m */ = {isa = PBXFileReference; fileEncoding = 4; lastKnownFileType = sourcecode.c.objc; path = XYJSecondViewController.m; sourceTree = "<group>"; };
		4EA4EBBC1DF7B15A007D716D /* XYJSecondViewController.xib */ = {isa = PBXFileReference; fileEncoding = 4; lastKnownFileType = file.xib; path = XYJSecondViewController.xib; sourceTree = "<group>"; };
		4EA4EBC21DF7B196007D716D /* XYJThirdViewController.h */ = {isa = PBXFileReference; fileEncoding = 4; lastKnownFileType = sourcecode.c.h; path = XYJThirdViewController.h; sourceTree = "<group>"; };
		4EA4EBC31DF7B196007D716D /* XYJThirdViewController.m */ = {isa = PBXFileReference; fileEncoding = 4; lastKnownFileType = sourcecode.c.objc; path = XYJThirdViewController.m; sourceTree = "<group>"; };
		4EA4EBC41DF7B196007D716D /* XYJThirdViewController.xib */ = {isa = PBXFileReference; fileEncoding = 4; lastKnownFileType = file.xib; path = XYJThirdViewController.xib; sourceTree = "<group>"; };
		4EA4EBC71DF7B27F007D716D /* XYJFourthViewController.h */ = {isa = PBXFileReference; fileEncoding = 4; lastKnownFileType = sourcecode.c.h; path = XYJFourthViewController.h; sourceTree = "<group>"; };
		4EA4EBC81DF7B27F007D716D /* XYJFourthViewController.m */ = {isa = PBXFileReference; fileEncoding = 4; lastKnownFileType = sourcecode.c.objc; path = XYJFourthViewController.m; sourceTree = "<group>"; };
		4EA4EBC91DF7B27F007D716D /* XYJFourthViewController.xib */ = {isa = PBXFileReference; fileEncoding = 4; lastKnownFileType = file.xib; path = XYJFourthViewController.xib; sourceTree = "<group>"; };
		4EA4EBCC1DF7B9AC007D716D /* zh-Hans */ = {isa = PBXFileReference; lastKnownFileType = text.plist.strings; name = "zh-Hans"; path = "zh-Hans.lproj/Main.strings"; sourceTree = "<group>"; };
		4EA4EBCD1DF7B9AC007D716D /* zh-Hans */ = {isa = PBXFileReference; lastKnownFileType = text.plist.strings; name = "zh-Hans"; path = "zh-Hans.lproj/LaunchScreen.strings"; sourceTree = "<group>"; };
		4EA4EBD11DF7C45A007D716D /* zh-Hans */ = {isa = PBXFileReference; lastKnownFileType = text.plist.strings; name = "zh-Hans"; path = "zh-Hans.lproj/InfoPlist.strings"; sourceTree = "<group>"; };
		4EA4EBD31DF7C468007D716D /* en */ = {isa = PBXFileReference; lastKnownFileType = text.plist.strings; name = en; path = en.lproj/InfoPlist.strings; sourceTree = "<group>"; };
		4EA4EBD71DF7DF6C007D716D /* en */ = {isa = PBXFileReference; lastKnownFileType = text.plist.strings; name = en; path = en.lproj/Localizable.strings; sourceTree = "<group>"; };
		4EA4EBD91DF7DF6F007D716D /* zh-Hans */ = {isa = PBXFileReference; lastKnownFileType = text.plist.strings; name = "zh-Hans"; path = "zh-Hans.lproj/Localizable.strings"; sourceTree = "<group>"; };
		4EA4EBDA1DF7E029007D716D /* zh-Hant */ = {isa = PBXFileReference; lastKnownFileType = text.plist.strings; name = "zh-Hant"; path = "zh-Hant.lproj/Main.strings"; sourceTree = "<group>"; };
		4EA4EBDB1DF7E029007D716D /* zh-Hant */ = {isa = PBXFileReference; lastKnownFileType = text.plist.strings; name = "zh-Hant"; path = "zh-Hant.lproj/LaunchScreen.strings"; sourceTree = "<group>"; };
		4EA4EBDC1DF7E029007D716D /* zh-Hant */ = {isa = PBXFileReference; lastKnownFileType = text.plist.strings; name = "zh-Hant"; path = "zh-Hant.lproj/Localizable.strings"; sourceTree = "<group>"; };
		4EA4EBDD1DF7E029007D716D /* zh-Hant */ = {isa = PBXFileReference; lastKnownFileType = text.plist.strings; name = "zh-Hant"; path = "zh-Hant.lproj/InfoPlist.strings"; sourceTree = "<group>"; };
		4EA4EBDF1DF7E920007D716D /* XYJLanguageTool.h */ = {isa = PBXFileReference; fileEncoding = 4; lastKnownFileType = sourcecode.c.h; path = XYJLanguageTool.h; sourceTree = "<group>"; };
		4EA4EBE01DF7E920007D716D /* XYJLanguageTool.m */ = {isa = PBXFileReference; fileEncoding = 4; lastKnownFileType = sourcecode.c.objc; path = XYJLanguageTool.m; sourceTree = "<group>"; };
/* End PBXFileReference section */

/* Begin PBXFrameworksBuildPhase section */
		4EA4EB981DF7AD9D007D716D /* Frameworks */ = {
			isa = PBXFrameworksBuildPhase;
			buildActionMask = 2147483647;
			files = (
			);
			runOnlyForDeploymentPostprocessing = 0;
		};
/* End PBXFrameworksBuildPhase section */

/* Begin PBXGroup section */
		4EA4EB921DF7AD9D007D716D = {
			isa = PBXGroup;
			children = (
				4EA4EB9D1DF7AD9D007D716D /* SuperBaseXib */,
				4EA4EB9C1DF7AD9D007D716D /* Products */,
			);
			sourceTree = "<group>";
		};
		4EA4EB9C1DF7AD9D007D716D /* Products */ = {
			isa = PBXGroup;
			children = (
				4EA4EB9B1DF7AD9D007D716D /* SuperBaseXib.app */,
			);
			name = Products;
			sourceTree = "<group>";
		};
		4EA4EB9D1DF7AD9D007D716D /* SuperBaseXib */ = {
			isa = PBXGroup;
			children = (
				4EA4EBDE1DF7E8FA007D716D /* Tools */,
				4EA4EBB51DF7B12C007D716D /* XYJFirstViewController.h */,
				4EA4EBB61DF7B12C007D716D /* XYJFirstViewController.m */,
				4EA4EBB71DF7B12C007D716D /* XYJFirstViewController.xib */,
				4EA4EBBA1DF7B15A007D716D /* XYJSecondViewController.h */,
				4EA4EBBB1DF7B15A007D716D /* XYJSecondViewController.m */,
				4EA4EBBC1DF7B15A007D716D /* XYJSecondViewController.xib */,
				4EA4EBC21DF7B196007D716D /* XYJThirdViewController.h */,
				4EA4EBC31DF7B196007D716D /* XYJThirdViewController.m */,
				4EA4EBC41DF7B196007D716D /* XYJThirdViewController.xib */,
				4EA4EBC71DF7B27F007D716D /* XYJFourthViewController.h */,
				4EA4EBC81DF7B27F007D716D /* XYJFourthViewController.m */,
				4EA4EBC91DF7B27F007D716D /* XYJFourthViewController.xib */,
				4EA4EBA11DF7AD9D007D716D /* AppDelegate.h */,
				4EA4EBA21DF7AD9D007D716D /* AppDelegate.m */,
				4EA4EBD81DF7DF6C007D716D /* Localizable.strings */,
				4EA4EBA71DF7AD9D007D716D /* Main.storyboard */,
				4EA4EB9E1DF7AD9D007D716D /* Supporting Files */,
				4EA4EBD21DF7C45A007D716D /* InfoPlist.strings */,
			);
			path = SuperBaseXib;
			sourceTree = "<group>";
		};
		4EA4EB9E1DF7AD9D007D716D /* Supporting Files */ = {
			isa = PBXGroup;
			children = (
				4EA4EBAF1DF7AD9E007D716D /* Info.plist */,
				4EA4EBAC1DF7AD9E007D716D /* LaunchScreen.storyboard */,
				4EA4EBAA1DF7AD9E007D716D /* Assets.xcassets */,
				4EA4EB9F1DF7AD9D007D716D /* main.m */,
			);
			name = "Supporting Files";
			sourceTree = "<group>";
		};
		4EA4EBDE1DF7E8FA007D716D /* Tools */ = {
			isa = PBXGroup;
			children = (
				4EA4EBDF1DF7E920007D716D /* XYJLanguageTool.h */,
				4EA4EBE01DF7E920007D716D /* XYJLanguageTool.m */,
			);
			name = Tools;
			sourceTree = "<group>";
		};
/* End PBXGroup section */

/* Begin PBXNativeTarget section */
		4EA4EB9A1DF7AD9D007D716D /* SuperBaseXib */ = {
			isa = PBXNativeTarget;
			buildConfigurationList = 4EA4EBB21DF7AD9E007D716D /* Build configuration list for PBXNativeTarget "SuperBaseXib" */;
			buildPhases = (
				4EA4EB971DF7AD9D007D716D /* Sources */,
				4EA4EB981DF7AD9D007D716D /* Frameworks */,
				4EA4EB991DF7AD9D007D716D /* Resources */,
			);
			buildRules = (
			);
			dependencies = (
			);
			name = SuperBaseXib;
			productName = SuperBaseXib;
			productReference = 4EA4EB9B1DF7AD9D007D716D /* SuperBaseXib.app */;
			productType = "com.apple.product-type.application";
		};
/* End PBXNativeTarget section */

/* Begin PBXProject section */
		4EA4EB931DF7AD9D007D716D /* Project object */ = {
			isa = PBXProject;
			attributes = {
				CLASSPREFIX = XYJ;
				LastUpgradeCheck = 0800;
				ORGANIZATIONNAME = XiYinjun;
				TargetAttributes = {
					4EA4EB9A1DF7AD9D007D716D = {
						CreatedOnToolsVersion = 8.0;
						DevelopmentTeam = R2GT9E6353;
						ProvisioningStyle = Automatic;
					};
				};
			};
			buildConfigurationList = 4EA4EB961DF7AD9D007D716D /* Build configuration list for PBXProject "SuperBaseXib" */;
			compatibilityVersion = "Xcode 3.2";
			developmentRegion = English;
			hasScannedForEncodings = 0;
			knownRegions = (
				en,
				Base,
				"zh-Hans",
				"zh-Hant",
			);
			mainGroup = 4EA4EB921DF7AD9D007D716D;
			productRefGroup = 4EA4EB9C1DF7AD9D007D716D /* Products */;
			projectDirPath = "";
			projectRoot = "";
			targets = (
				4EA4EB9A1DF7AD9D007D716D /* SuperBaseXib */,
			);
		};
/* End PBXProject section */

/* Begin PBXResourcesBuildPhase section */
		4EA4EB991DF7AD9D007D716D /* Resources */ = {
			isa = PBXResourcesBuildPhase;
			buildActionMask = 2147483647;
			files = (
				4EA4EBC61DF7B196007D716D /* XYJThirdViewController.xib in Resources */,
				4EA4EBD01DF7C45A007D716D /* InfoPlist.strings in Resources */,
				4EA4EBAE1DF7AD9E007D716D /* LaunchScreen.storyboard in Resources */,
				4EA4EBBE1DF7B15A007D716D /* XYJSecondViewController.xib in Resources */,
				4EA4EBD61DF7DF6C007D716D /* Localizable.strings in Resources */,
				4EA4EBCB1DF7B27F007D716D /* XYJFourthViewController.xib in Resources */,
				4EA4EBB91DF7B12C007D716D /* XYJFirstViewController.xib in Resources */,
				4EA4EBAB1DF7AD9E007D716D /* Assets.xcassets in Resources */,
				4EA4EBA91DF7AD9D007D716D /* Main.storyboard in Resources */,
			);
			runOnlyForDeploymentPostprocessing = 0;
		};
/* End PBXResourcesBuildPhase section */

/* Begin PBXSourcesBuildPhase section */
		4EA4EB971DF7AD9D007D716D /* Sources */ = {
			isa = PBXSourcesBuildPhase;
			buildActionMask = 2147483647;
			files = (
				4EA4EBB81DF7B12C007D716D /* XYJFirstViewController.m in Sources */,
				4EA4EBC51DF7B196007D716D /* XYJThirdViewController.m in Sources */,
				4EA4EBE11DF7E920007D716D /* XYJLanguageTool.m in Sources */,
				4EA4EBA31DF7AD9D007D716D /* AppDelegate.m in Sources */,
				4EA4EBBD1DF7B15A007D716D /* XYJSecondViewController.m in Sources */,
				4EA4EBCA1DF7B27F007D716D /* XYJFourthViewController.m in Sources */,
				4EA4EBA01DF7AD9D007D716D /* main.m in Sources */,
			);
			runOnlyForDeploymentPostprocessing = 0;
		};
/* End PBXSourcesBuildPhase section */

/* Begin PBXVariantGroup section */
		4EA4EBA71DF7AD9D007D716D /* Main.storyboard */ = {
			isa = PBXVariantGroup;
			children = (
				4EA4EBA81DF7AD9D007D716D /* Base */,
				4EA4EBCC1DF7B9AC007D716D /* zh-Hans */,
				4EA4EBDA1DF7E029007D716D /* zh-Hant */,
			);
			name = Main.storyboard;
			sourceTree = "<group>";
		};
		4EA4EBAC1DF7AD9E007D716D /* LaunchScreen.storyboard */ = {
			isa = PBXVariantGroup;
			children = (
				4EA4EBAD1DF7AD9E007D716D /* Base */,
				4EA4EBCD1DF7B9AC007D716D /* zh-Hans */,
				4EA4EBDB1DF7E029007D716D /* zh-Hant */,
			);
			name = LaunchScreen.storyboard;
			sourceTree = "<group>";
		};
		4EA4EBD21DF7C45A007D716D /* InfoPlist.strings */ = {
			isa = PBXVariantGroup;
			children = (
				4EA4EBD11DF7C45A007D716D /* zh-Hans */,
				4EA4EBD31DF7C468007D716D /* en */,
				4EA4EBDD1DF7E029007D716D /* zh-Hant */,
			);
			name = InfoPlist.strings;
			sourceTree = "<group>";
		};
		4EA4EBD81DF7DF6C007D716D /* Localizable.strings */ = {
			isa = PBXVariantGroup;
			children = (
				4EA4EBD71DF7DF6C007D716D /* en */,
				4EA4EBD91DF7DF6F007D716D /* zh-Hans */,
				4EA4EBDC1DF7E029007D716D /* zh-Hant */,
			);
			name = Localizable.strings;
			sourceTree = "<group>";
		};
/* End PBXVariantGroup section */

/* Begin XCBuildConfiguration section */
		4EA4EBB01DF7AD9E007D716D /* Debug */ = {
			isa = XCBuildConfiguration;
			buildSettings = {
				ALWAYS_SEARCH_USER_PATHS = NO;
				CLANG_ANALYZER_LOCALIZABILITY_NONLOCALIZED = YES;
				CLANG_ANALYZER_NONNULL = YES;
				CLANG_CXX_LANGUAGE_STANDARD = "gnu++0x";
				CLANG_CXX_LIBRARY = "libc++";
				CLANG_ENABLE_MODULES = YES;
				CLANG_ENABLE_OBJC_ARC = YES;
				CLANG_WARN_BOOL_CONVERSION = YES;
				CLANG_WARN_CONSTANT_CONVERSION = YES;
				CLANG_WARN_DIRECT_OBJC_ISA_USAGE = YES_ERROR;
				CLANG_WARN_DOCUMENTATION_COMMENTS = YES;
				CLANG_WARN_EMPTY_BODY = YES;
				CLANG_WARN_ENUM_CONVERSION = YES;
				CLANG_WARN_INFINITE_RECURSION = YES;
				CLANG_WARN_INT_CONVERSION = YES;
				CLANG_WARN_OBJC_ROOT_CLASS = YES_ERROR;
				CLANG_WARN_SUSPICIOUS_MOVES = YES;
				CLANG_WARN_UNREACHABLE_CODE = YES;
				CLANG_WARN__DUPLICATE_METHOD_MATCH = YES;
				"CODE_SIGN_IDENTITY[sdk=iphoneos*]" = "iPhone Developer";
				COPY_PHASE_STRIP = NO;
				DEBUG_INFORMATION_FORMAT = dwarf;
				ENABLE_STRICT_OBJC_MSGSEND = YES;
				ENABLE_TESTABILITY = YES;
				GCC_C_LANGUAGE_STANDARD = gnu99;
				GCC_DYNAMIC_NO_PIC = NO;
				GCC_NO_COMMON_BLOCKS = YES;
				GCC_OPTIMIZATION_LEVEL = 0;
				GCC_PREPROCESSOR_DEFINITIONS = (
					"DEBUG=1",
					"$(inherited)",
				);
				GCC_WARN_64_TO_32_BIT_CONVERSION = YES;
				GCC_WARN_ABOUT_RETURN_TYPE = YES_ERROR;
				GCC_WARN_UNDECLARED_SELECTOR = YES;
				GCC_WARN_UNINITIALIZED_AUTOS = YES_AGGRESSIVE;
				GCC_WARN_UNUSED_FUNCTION = YES;
				GCC_WARN_UNUSED_VARIABLE = YES;
				IPHONEOS_DEPLOYMENT_TARGET = 10.0;
				MTL_ENABLE_DEBUG_INFO = YES;
				ONLY_ACTIVE_ARCH = YES;
				SDKROOT = iphoneos;
				TARGETED_DEVICE_FAMILY = "1,2";
			};
			name = Debug;
		};
		4EA4EBB11DF7AD9E007D716D /* Release */ = {
			isa = XCBuildConfiguration;
			buildSettings = {
				ALWAYS_SEARCH_USER_PATHS = NO;
				CLANG_ANALYZER_LOCALIZABILITY_NONLOCALIZED = YES;
				CLANG_ANALYZER_NONNULL = YES;
				CLANG_CXX_LANGUAGE_STANDARD = "gnu++0x";
				CLANG_CXX_LIBRARY = "libc++";
				CLANG_ENABLE_MODULES = YES;
				CLANG_ENABLE_OBJC_ARC = YES;
				CLANG_WARN_BOOL_CONVERSION = YES;
				CLANG_WARN_CONSTANT_CONVERSION = YES;
				CLANG_WARN_DIRECT_OBJC_ISA_USAGE = YES_ERROR;
				CLANG_WARN_DOCUMENTATION_COMMENTS = YES;
				CLANG_WARN_EMPTY_BODY = YES;
				CLANG_WARN_ENUM_CONVERSION = YES;
				CLANG_WARN_INFINITE_RECURSION = YES;
				CLANG_WARN_INT_CONVERSION = YES;
				CLANG_WARN_OBJC_ROOT_CLASS = YES_ERROR;
				CLANG_WARN_SUSPICIOUS_MOVES = YES;
				CLANG_WARN_UNREACHABLE_CODE = YES;
				CLANG_WARN__DUPLICATE_METHOD_MATCH = YES;
				"CODE_SIGN_IDENTITY[sdk=iphoneos*]" = "iPhone Developer";
				COPY_PHASE_STRIP = NO;
				DEBUG_INFORMATION_FORMAT = "dwarf-with-dsym";
				ENABLE_NS_ASSERTIONS = NO;
				ENABLE_STRICT_OBJC_MSGSEND = YES;
				GCC_C_LANGUAGE_STANDARD = gnu99;
				GCC_NO_COMMON_BLOCKS = YES;
				GCC_WARN_64_TO_32_BIT_CONVERSION = YES;
				GCC_WARN_ABOUT_RETURN_TYPE = YES_ERROR;
				GCC_WARN_UNDECLARED_SELECTOR = YES;
				GCC_WARN_UNINITIALIZED_AUTOS = YES_AGGRESSIVE;
				GCC_WARN_UNUSED_FUNCTION = YES;
				GCC_WARN_UNUSED_VARIABLE = YES;
				IPHONEOS_DEPLOYMENT_TARGET = 10.0;
				MTL_ENABLE_DEBUG_INFO = NO;
				SDKROOT = iphoneos;
				TARGETED_DEVICE_FAMILY = "1,2";
				VALIDATE_PRODUCT = YES;
			};
			name = Release;
		};
		4EA4EBB31DF7AD9E007D716D /* Debug */ = {
			isa = XCBuildConfiguration;
			buildSettings = {
				ASSETCATALOG_COMPILER_APPICON_NAME = AppIcon;
				DEVELOPMENT_TEAM = R2GT9E6353;
				INFOPLIST_FILE = SuperBaseXib/Info.plist;
				IPHONEOS_DEPLOYMENT_TARGET = 8.0;
				LD_RUNPATH_SEARCH_PATHS = "$(inherited) @executable_path/Frameworks";
				PRODUCT_BUNDLE_IDENTIFIER = muhlenXi.SuperBaseXib;
				PRODUCT_NAME = "$(TARGET_NAME)";
			};
			name = Debug;
		};
		4EA4EBB41DF7AD9E007D716D /* Release */ = {
			isa = XCBuildConfiguration;
			buildSettings = {
				ASSETCATALOG_COMPILER_APPICON_NAME = AppIcon;
				DEVELOPMENT_TEAM = R2GT9E6353;
				INFOPLIST_FILE = SuperBaseXib/Info.plist;
				IPHONEOS_DEPLOYMENT_TARGET = 8.0;
				LD_RUNPATH_SEARCH_PATHS = "$(inherited) @executable_path/Frameworks";
				PRODUCT_BUNDLE_IDENTIFIER = muhlenXi.SuperBaseXib;
				PRODUCT_NAME = "$(TARGET_NAME)";
			};
			name = Release;
		};
/* End XCBuildConfiguration section */

/* Begin XCConfigurationList section */
		4EA4EB961DF7AD9D007D716D /* Build configuration list for PBXProject "SuperBaseXib" */ = {
			isa = XCConfigurationList;
			buildConfigurations = (
				4EA4EBB01DF7AD9E007D716D /* Debug */,
				4EA4EBB11DF7AD9E007D716D /* Release */,
			);
			defaultConfigurationIsVisible = 0;
			defaultConfigurationName = Release;
		};
		4EA4EBB21DF7AD9E007D716D /* Build configuration list for PBXNativeTarget "SuperBaseXib" */ = {
			isa = XCConfigurationList;
			buildConfigurations = (
				4EA4EBB31DF7AD9E007D716D /* Debug */,
				4EA4EBB41DF7AD9E007D716D /* Release */,
			);
			defaultConfigurationIsVisible = 0;
		};
/* End XCConfigurationList section */
	};
	rootObject = 4EA4EB931DF7AD9D007D716D /* Project object */;
}
